// !$*UTF8*$!
{
	archiveVersion = 1;
	classes = {
	};
	objectVersion = 50;
	objects = {

/* Begin PBXBuildFile section */
		8469F71321501A6C00311F71 /* IMG_0673.jpg in Resources */ = {isa = PBXBuildFile; fileRef = 8469F71221501A6C00311F71 /* IMG_0673.jpg */; };
		84EE5E08214FD87B003A5E6A /* AppDelegate.swift in Sources */ = {isa = PBXBuildFile; fileRef = 84EE5E07214FD87B003A5E6A /* AppDelegate.swift */; };
		84EE5E0A214FD87B003A5E6A /* ViewController.swift in Sources */ = {isa = PBXBuildFile; fileRef = 84EE5E09214FD87B003A5E6A /* ViewController.swift */; };
		84EE5E0D214FD87B003A5E6A /* Main.storyboard in Resources */ = {isa = PBXBuildFile; fileRef = 84EE5E0B214FD87B003A5E6A /* Main.storyboard */; };
		84EE5E0F214FD87D003A5E6A /* Assets.xcassets in Resources */ = {isa = PBXBuildFile; fileRef = 84EE5E0E214FD87D003A5E6A /* Assets.xcassets */; };
		84EE5E12214FD87D003A5E6A /* LaunchScreen.storyboard in Resources */ = {isa = PBXBuildFile; fileRef = 84EE5E10214FD87D003A5E6A /* LaunchScreen.storyboard */; };
/* End PBXBuildFile section */

/* Begin PBXFileReference section */
		8469F71221501A6C00311F71 /* IMG_0673.jpg */ = {isa = PBXFileReference; lastKnownFileType = image.jpeg; path = IMG_0673.jpg; sourceTree = "<group>"; };
		84EE5E04214FD87B003A5E6A /* tipCalculator.app */ = {isa = PBXFileReference; explicitFileType = wrapper.application; includeInIndex = 0; path = tipCalculator.app; sourceTree = BUILT_PRODUCTS_DIR; };
		84EE5E07214FD87B003A5E6A /* AppDelegate.swift */ = {isa = PBXFileReference; lastKnownFileType = sourcecode.swift; path = AppDelegate.swift; sourceTree = "<group>"; };
		84EE5E09214FD87B003A5E6A /* ViewController.swift */ = {isa = PBXFileReference; lastKnownFileType = sourcecode.swift; path = ViewController.swift; sourceTree = "<group>"; };
		84EE5E0C214FD87B003A5E6A /* Base */ = {isa = PBXFileReference; lastKnownFileType = file.storyboard; name = Base; path = Base.lproj/Main.storyboard; sourceTree = "<group>"; };
		84EE5E0E214FD87D003A5E6A /* Assets.xcassets */ = {isa = PBXFileReference; lastKnownFileType = folder.assetcatalog; path = Assets.xcassets; sourceTree = "<group>"; };
		84EE5E11214FD87D003A5E6A /* Base */ = {isa = PBXFileReference; lastKnownFileType = file.storyboard; name = Base; path = Base.lproj/LaunchScreen.storyboard; sourceTree = "<group>"; };
		84EE5E13214FD87D003A5E6A /* Info.plist */ = {isa = PBXFileReference; lastKnownFileType = text.plist.xml; path = Info.plist; sourceTree = "<group>"; };
/* End PBXFileReference section */

/* Begin PBXFrameworksBuildPhase section */
		84EE5E01214FD87B003A5E6A /* Frameworks */ = {
			isa = PBXFrameworksBuildPhase;
			buildActionMask = 2147483647;
			files = (
			);
			runOnlyForDeploymentPostprocessing = 0;
		};
/* End PBXFrameworksBuildPhase section */

/* Begin PBXGroup section */
		84EE5DFB214FD87B003A5E6A = {
			isa = PBXGroup;
			children = (
				84EE5E06214FD87B003A5E6A /* test1 */,
				84EE5E05214FD87B003A5E6A /* Products */,
			);
			sourceTree = "<group>";
		};
		84EE5E05214FD87B003A5E6A /* Products */ = {
			isa = PBXGroup;
			children = (
				84EE5E04214FD87B003A5E6A /* tipCalculator.app */,
			);
			name = Products;
			sourceTree = "<group>";
		};
		84EE5E06214FD87B003A5E6A /* test1 */ = {
			isa = PBXGroup;
			children = (
				8469F71221501A6C00311F71 /* IMG_0673.jpg */,
				84EE5E07214FD87B003A5E6A /* AppDelegate.swift */,
				84EE5E09214FD87B003A5E6A /* ViewController.swift */,
				84EE5E0B214FD87B003A5E6A /* Main.storyboard */,
				84EE5E0E214FD87D003A5E6A /* Assets.xcassets */,
				84EE5E10214FD87D003A5E6A /* LaunchScreen.storyboard */,
				84EE5E13214FD87D003A5E6A /* Info.plist */,
			);
			path = test1;
			sourceTree = "<group>";
		};
/* End PBXGroup section */

/* Begin PBXNativeTarget section */
		84EE5E03214FD87B003A5E6A /* tipCalculator */ = {
			isa = PBXNativeTarget;
			buildConfigurationList = 84EE5E16214FD87D003A5E6A /* Build configuration list for PBXNativeTarget "tipCalculator" */;
			buildPhases = (
				84EE5E00214FD87B003A5E6A /* Sources */,
				84EE5E01214FD87B003A5E6A /* Frameworks */,
				84EE5E02214FD87B003A5E6A /* Resources */,
			);
			buildRules = (
			);
			dependencies = (
			);
			name = tipCalculator;
			productName = test1;
			productReference = 84EE5E04214FD87B003A5E6A /* tipCalculator.app */;
			productType = "com.apple.product-type.application";
		};
/* End PBXNativeTarget section */

/* Begin PBXProject section */
		84EE5DFC214FD87B003A5E6A /* Project object */ = {
			isa = PBXProject;
			attributes = {
				LastSwiftUpdateCheck = 1000;
				LastUpgradeCheck = 1000;
				ORGANIZATIONNAME = RobPecoraro;
				TargetAttributes = {
					84EE5E03214FD87B003A5E6A = {
						CreatedOnToolsVersion = 10.0;
					};
				};
			};
			buildConfigurationList = 84EE5DFF214FD87B003A5E6A /* Build configuration list for PBXProject "tipCalculator" */;
			compatibilityVersion = "Xcode 9.3";
			developmentRegion = en;
			hasScannedForEncodings = 0;
			knownRegions = (
				en,
				Base,
			);
			mainGroup = 84EE5DFB214FD87B003A5E6A;
			productRefGroup = 84EE5E05214FD87B003A5E6A /* Products */;
			projectDirPath = "";
			projectRoot = "";
			targets = (
				84EE5E03214FD87B003A5E6A /* tipCalculator */,
			);
		};
/* End PBXProject section */

/* Begin PBXResourcesBuildPhase section */
		84EE5E02214FD87B003A5E6A /* Resources */ = {
			isa = PBXResourcesBuildPhase;
			buildActionMask = 2147483647;
			files = (
				84EE5E12214FD87D003A5E6A /* LaunchScreen.storyboard in Resources */,
				84EE5E0F214FD87D003A5E6A /* Assets.xcassets in Resources */,
				84EE5E0D214FD87B003A5E6A /* Main.storyboard in Resources */,
				8469F71321501A6C00311F71 /* IMG_0673.jpg in Resources */,
			);
			runOnlyForDeploymentPostprocessing = 0;
		};
/* End PBXResourcesBuildPhase section */

/* Begin PBXSourcesBuildPhase section */
		84EE5E00214FD87B003A5E6A /* Sources */ = {
			isa = PBXSourcesBuildPhase;
			buildActionMask = 2147483647;
			files = (
				84EE5E0A214FD87B003A5E6A /* ViewController.swift in Sources */,
				84EE5E08214FD87B003A5E6A /* AppDelegate.swift in Sources */,
			);
			runOnlyForDeploymentPostprocessing = 0;
		};
/* End PBXSourcesBuildPhase section */

/* Begin PBXVariantGroup section */
		84EE5E0B214FD87B003A5E6A /* Main.storyboard */ = {
			isa = PBXVariantGroup;
			children = (
				84EE5E0C214FD87B003A5E6A /* Base */,
			);
			name = Main.storyboard;
			sourceTree = "<group>";
		};
		84EE5E10214FD87D003A5E6A /* LaunchScreen.storyboard */ = {
			isa = PBXVariantGroup;
			children = (
				84EE5E11214FD87D003A5E6A /* Base */,
			);
			name = LaunchScreen.storyboard;
			sourceTree = "<group>";
		};
/* End PBXVariantGroup section */

/* Begin XCBuildConfiguration section */
		84EE5E14214FD87D003A5E6A /* Debug */ = {
			isa = XCBuildConfiguration;
			buildSettings = {
				ALWAYS_SEARCH_USER_PATHS = NO;
				CLANG_ANALYZER_NONNULL = YES;
				CLANG_ANALYZER_NUMBER_OBJECT_CONVERSION = YES_AGGRESSIVE;
				CLANG_CXX_LANGUAGE_STANDARD = "gnu++14";
				CLANG_CXX_LIBRARY = "libc++";
				CLANG_ENABLE_MODULES = YES;
				CLANG_ENABLE_OBJC_ARC = YES;
				CLANG_ENABLE_OBJC_WEAK = YES;
				CLANG_WARN_BLOCK_CAPTURE_AUTORELEASING = YES;
				CLANG_WARN_BOOL_CONVERSION = YES;
				CLANG_WARN_COMMA = YES;
				CLANG_WARN_CONSTANT_CONVERSION = YES;
				CLANG_WARN_DEPRECATED_OBJC_IMPLEMENTATIONS = YES;
				CLANG_WARN_DIRECT_OBJC_ISA_USAGE = YES_ERROR;
				CLANG_WARN_DOCUMENTATION_COMMENTS = YES;
				CLANG_WARN_EMPTY_BODY = YES;
				CLANG_WARN_ENUM_CONVERSION = YES;
				CLANG_WARN_INFINITE_RECURSION = YES;
				CLANG_WARN_INT_CONVERSION = YES;
				CLANG_WARN_NON_LITERAL_NULL_CONVERSION = YES;
				CLANG_WARN_OBJC_IMPLICIT_RETAIN_SELF = YES;
				CLANG_WARN_OBJC_LITERAL_CONVERSION = YES;
				CLANG_WARN_OBJC_ROOT_CLASS = YES_ERROR;
				CLANG_WARN_RANGE_LOOP_ANALYSIS = YES;
				CLANG_WARN_STRICT_PROTOTYPES = YES;
				CLANG_WARN_SUSPICIOUS_MOVE = YES;
				CLANG_WARN_UNGUARDED_AVAILABILITY = YES_AGGRESSIVE;
				CLANG_WARN_UNREACHABLE_CODE = YES;
				CLANG_WARN__DUPLICATE_METHOD_MATCH = YES;
				CODE_SIGN_IDENTITY = "iPhone Developer";
				COPY_PHASE_STRIP = NO;
				DEBUG_INFORMATION_FORMAT = dwarf;
				ENABLE_STRICT_OBJC_MSGSEND = YES;
				ENABLE_TESTABILITY = YES;
				GCC_C_LANGUAGE_STANDARD = gnu11;
				GCC_DYNAMIC_NO_PIC = NO;
				GCC_NO_COMMON_BLOCKS = YES;
				GCC_OPTIMIZATION_LEVEL = 0;
				GCC_PREPROCESSOR_DEFINITIONS = (
					"DEBUG=1",
					"$(inherited)",
				);
				GCC_WARN_64_TO_32_BIT_CONVERSION = YES;
				GCC_WARN_ABOUT_RETURN_TYPE = YES_ERROR;
				GCC_WARN_UNDECLARED_SELECTOR = YES;
				GCC_WARN_UNINITIALIZED_AUTOS = YES_AGGRESSIVE;
				GCC_WARN_UNUSED_FUNCTION = YES;
				GCC_WARN_UNUSED_VARIABLE = YES;
				IPHONEOS_DEPLOYMENT_TARGET = 12.0;
				MTL_ENABLE_DEBUG_INFO = INCLUDE_SOURCE;
				MTL_FAST_MATH = YES;
				ONLY_ACTIVE_ARCH = YES;
				SDKROOT = iphoneos;
				SWIFT_ACTIVE_COMPILATION_CONDITIONS = DEBUG;
				SWIFT_OPTIMIZATION_LEVEL = "-Onone";
			};
			name = Debug;
		};
		84EE5E15214FD87D003A5E6A /* Release */ = {
			isa = XCBuildConfiguration;
			buildSettings = {
				ALWAYS_SEARCH_USER_PATHS = NO;
				CLANG_ANALYZER_NONNULL = YES;
				CLANG_ANALYZER_NUMBER_OBJECT_CONVERSION = YES_AGGRESSIVE;
				CLANG_CXX_LANGUAGE_STANDARD = "gnu++14";
				CLANG_CXX_LIBRARY = "libc++";
				CLANG_ENABLE_MODULES = YES;
				CLANG_ENABLE_OBJC_ARC = YES;
				CLANG_ENABLE_OBJC_WEAK = YES;
				CLANG_WARN_BLOCK_CAPTURE_AUTORELEASING = YES;
				CLANG_WARN_BOOL_CONVERSION = YES;
				CLANG_WARN_COMMA = YES;
				CLANG_WARN_CONSTANT_CONVERSION = YES;
				CLANG_WARN_DEPRECATED_OBJC_IMPLEMENTATIONS = YES;
				CLANG_WARN_DIRECT_OBJC_ISA_USAGE = YES_ERROR;
				CLANG_WARN_DOCUMENTATION_COMMENTS = YES;
				CLANG_WARN_EMPTY_BODY = YES;
				CLANG_WARN_ENUM_CONVERSION = YES;
				CLANG_WARN_INFINITE_RECURSION = YES;
				CLANG_WARN_INT_CONVERSION = YES;
				CLANG_WARN_NON_LITERAL_NULL_CONVERSION = YES;
				CLANG_WARN_OBJC_IMPLICIT_RETAIN_SELF = YES;
				CLANG_WARN_OBJC_LITERAL_CONVERSION = YES;
				CLANG_WARN_OBJC_ROOT_CLASS = YES_ERROR;
				CLANG_WARN_RANGE_LOOP_ANALYSIS = YES;
				CLANG_WARN_STRICT_PROTOTYPES = YES;
				CLANG_WARN_SUSPICIOUS_MOVE = YES;
				CLANG_WARN_UNGUARDED_AVAILABILITY = YES_AGGRESSIVE;
				CLANG_WARN_UNREACHABLE_CODE = YES;
				CLANG_WARN__DUPLICATE_METHOD_MATCH = YES;
				CODE_SIGN_IDENTITY = "iPhone Developer";
				COPY_PHASE_STRIP = NO;
				DEBUG_INFORMATION_FORMAT = "dwarf-with-dsym";
				ENABLE_NS_ASSERTIONS = NO;
				ENABLE_STRICT_OBJC_MSGSEND = YES;
				GCC_C_LANGUAGE_STANDARD = gnu11;
				GCC_NO_COMMON_BLOCKS = YES;
				GCC_WARN_64_TO_32_BIT_CONVERSION = YES;
				GCC_WARN_ABOUT_RETURN_TYPE = YES_ERROR;
				GCC_WARN_UNDECLARED_SELECTOR = YES;
				GCC_WARN_UNINITIALIZED_AUTOS = YES_AGGRESSIVE;
				GCC_WARN_UNUSED_FUNCTION = YES;
				GCC_WARN_UNUSED_VARIABLE = YES;
				IPHONEOS_DEPLOYMENT_TARGET = 12.0;
				MTL_ENABLE_DEBUG_INFO = NO;
				MTL_FAST_MATH = YES;
				SDKROOT = iphoneos;
				SWIFT_COMPILATION_MODE = wholemodule;
				SWIFT_OPTIMIZATION_LEVEL = "-O";
				VALIDATE_PRODUCT = YES;
			};
			name = Release;
		};
		84EE5E17214FD87D003A5E6A /* Debug */ = {
			isa = XCBuildConfiguration;
			buildSettings = {
				ASSETCATALOG_COMPILER_APPICON_NAME = AppIcon;
				CODE_SIGN_STYLE = Automatic;
				INFOPLIST_FILE = test1/Info.plist;
				LD_RUNPATH_SEARCH_PATHS = (
					"$(inherited)",
					"@executable_path/Frameworks",
				);
				PRODUCT_BUNDLE_IDENTIFIER = com.RobPecoraro.tipCalculator;
				PRODUCT_NAME = "$(TARGET_NAME)";
				SWIFT_VERSION = 4.2;
				TARGETED_DEVICE_FAMILY = "1,2";
			};
			name = Debug;
		};
		84EE5E18214FD87D003A5E6A /* Release */ = {
			isa = XCBuildConfiguration;
			buildSettings = {
				ASSETCATALOG_COMPILER_APPICON_NAME = AppIcon;
				CODE_SIGN_STYLE = Automatic;
				INFOPLIST_FILE = test1/Info.plist;
				LD_RUNPATH_SEARCH_PATHS = (
					"$(inherited)",
					"@executable_path/Frameworks",
				);
				PRODUCT_BUNDLE_IDENTIFIER = com.RobPecoraro.tipCalculator;
				PRODUCT_NAME = "$(TARGET_NAME)";
				SWIFT_VERSION = 4.2;
				TARGETED_DEVICE_FAMILY = "1,2";
			};
			name = Release;
		};
/* End XCBuildConfiguration section */

/* Begin XCConfigurationList section */
		84EE5DFF214FD87B003A5E6A /* Build configuration list for PBXProject "tipCalculator" */ = {
			isa = XCConfigurationList;
			buildConfigurations = (
				84EE5E14214FD87D003A5E6A /* Debug */,
				84EE5E15214FD87D003A5E6A /* Release */,
			);
			defaultConfigurationIsVisible = 0;
			defaultConfigurationName = Release;
		};
		84EE5E16214FD87D003A5E6A /* Build configuration list for PBXNativeTarget "tipCalculator" */ = {
			isa = XCConfigurationList;
			buildConfigurations = (
				84EE5E17214FD87D003A5E6A /* Debug */,
				84EE5E18214FD87D003A5E6A /* Release */,
			);
			defaultConfigurationIsVisible = 0;
			defaultConfigurationName = Release;
		};
/* End XCConfigurationList section */
	};
	rootObject = 84EE5DFC214FD87B003A5E6A /* Project object */;
}
